// !$*UTF8*$!
{
	archiveVersion = 1;
	classes = {
	};
	objectVersion = 55;
	objects = {

/* Begin PBXBuildFile section */
		F405B5A1286C439400C713BC /* SDWebImageSwiftUI in Frameworks */ = {isa = PBXBuildFile; productRef = F405B5A0286C439400C713BC /* SDWebImageSwiftUI */; };
		F44A14312869F4E90013FBEC /* WeatherRow.swift in Sources */ = {isa = PBXBuildFile; fileRef = F44A14302869F4E90013FBEC /* WeatherRow.swift */; };
		F4C9FAD02869C05B00740290 /* WeatherDemoAppApp.swift in Sources */ = {isa = PBXBuildFile; fileRef = F4C9FACF2869C05B00740290 /* WeatherDemoAppApp.swift */; };
		F4C9FAD22869C05B00740290 /* ContentView.swift in Sources */ = {isa = PBXBuildFile; fileRef = F4C9FAD12869C05B00740290 /* ContentView.swift */; };
		F4C9FAD42869C05C00740290 /* Assets.xcassets in Resources */ = {isa = PBXBuildFile; fileRef = F4C9FAD32869C05C00740290 /* Assets.xcassets */; };
		F4C9FAD72869C05C00740290 /* Preview Assets.xcassets in Resources */ = {isa = PBXBuildFile; fileRef = F4C9FAD62869C05C00740290 /* Preview Assets.xcassets */; };
		F4C9FADF2869C24800740290 /* LocationManager.swift in Sources */ = {isa = PBXBuildFile; fileRef = F4C9FADE2869C24800740290 /* LocationManager.swift */; };
		F4C9FAE22869C48C00740290 /* WelcomView.swift in Sources */ = {isa = PBXBuildFile; fileRef = F4C9FAE12869C48C00740290 /* WelcomView.swift */; };
		F4C9FAE42869CA3200740290 /* LoadinView.swift in Sources */ = {isa = PBXBuildFile; fileRef = F4C9FAE32869CA3200740290 /* LoadinView.swift */; };
		F4C9FAE62869CD4100740290 /* WeatherManager.swift in Sources */ = {isa = PBXBuildFile; fileRef = F4C9FAE52869CD4100740290 /* WeatherManager.swift */; };
		F4C9FAE82869DBA900740290 /* WeatherView.swift in Sources */ = {isa = PBXBuildFile; fileRef = F4C9FAE72869DBA900740290 /* WeatherView.swift */; };
		F4C9FAEA2869DC0400740290 /* ModelData.swift in Sources */ = {isa = PBXBuildFile; fileRef = F4C9FAE92869DC0400740290 /* ModelData.swift */; };
		F4C9FAEC2869DC5300740290 /* weatherData.json in Resources */ = {isa = PBXBuildFile; fileRef = F4C9FAEB2869DC5200740290 /* weatherData.json */; };
		F4C9FAEE2869DF9200740290 /* Extensions.swift in Sources */ = {isa = PBXBuildFile; fileRef = F4C9FAED2869DF9200740290 /* Extensions.swift */; };
/* End PBXBuildFile section */

/* Begin PBXFileReference section */
		F44A14302869F4E90013FBEC /* WeatherRow.swift */ = {isa = PBXFileReference; lastKnownFileType = sourcecode.swift; path = WeatherRow.swift; sourceTree = "<group>"; };
		F4C9FACC2869C05B00740290 /* WeatherDemoApp.app */ = {isa = PBXFileReference; explicitFileType = wrapper.application; includeInIndex = 0; path = WeatherDemoApp.app; sourceTree = BUILT_PRODUCTS_DIR; };
		F4C9FACF2869C05B00740290 /* WeatherDemoAppApp.swift */ = {isa = PBXFileReference; lastKnownFileType = sourcecode.swift; path = WeatherDemoAppApp.swift; sourceTree = "<group>"; };
		F4C9FAD12869C05B00740290 /* ContentView.swift */ = {isa = PBXFileReference; lastKnownFileType = sourcecode.swift; path = ContentView.swift; sourceTree = "<group>"; };
		F4C9FAD32869C05C00740290 /* Assets.xcassets */ = {isa = PBXFileReference; lastKnownFileType = folder.assetcatalog; path = Assets.xcassets; sourceTree = "<group>"; };
		F4C9FAD62869C05C00740290 /* Preview Assets.xcassets */ = {isa = PBXFileReference; lastKnownFileType = folder.assetcatalog; path = "Preview Assets.xcassets"; sourceTree = "<group>"; };
		F4C9FADE2869C24800740290 /* LocationManager.swift */ = {isa = PBXFileReference; lastKnownFileType = sourcecode.swift; path = LocationManager.swift; sourceTree = "<group>"; };
		F4C9FAE12869C48C00740290 /* WelcomView.swift */ = {isa = PBXFileReference; lastKnownFileType = sourcecode.swift; path = WelcomView.swift; sourceTree = "<group>"; };
		F4C9FAE32869CA3200740290 /* LoadinView.swift */ = {isa = PBXFileReference; lastKnownFileType = sourcecode.swift; path = LoadinView.swift; sourceTree = "<group>"; };
		F4C9FAE52869CD4100740290 /* WeatherManager.swift */ = {isa = PBXFileReference; lastKnownFileType = sourcecode.swift; path = WeatherManager.swift; sourceTree = "<group>"; };
		F4C9FAE72869DBA900740290 /* WeatherView.swift */ = {isa = PBXFileReference; lastKnownFileType = sourcecode.swift; path = WeatherView.swift; sourceTree = "<group>"; };
		F4C9FAE92869DC0400740290 /* ModelData.swift */ = {isa = PBXFileReference; lastKnownFileType = sourcecode.swift; path = ModelData.swift; sourceTree = "<group>"; };
		F4C9FAEB2869DC5200740290 /* weatherData.json */ = {isa = PBXFileReference; lastKnownFileType = text.json; path = weatherData.json; sourceTree = "<group>"; };
		F4C9FAED2869DF9200740290 /* Extensions.swift */ = {isa = PBXFileReference; lastKnownFileType = sourcecode.swift; path = Extensions.swift; sourceTree = "<group>"; };
/* End PBXFileReference section */

/* Begin PBXFrameworksBuildPhase section */
		F4C9FAC92869C05B00740290 /* Frameworks */ = {
			isa = PBXFrameworksBuildPhase;
			buildActionMask = 2147483647;
			files = (
				F405B5A1286C439400C713BC /* SDWebImageSwiftUI in Frameworks */,
			);
			runOnlyForDeploymentPostprocessing = 0;
		};
/* End PBXFrameworksBuildPhase section */

/* Begin PBXGroup section */
		F4C9FAC32869C05B00740290 = {
			isa = PBXGroup;
			children = (
				F4C9FACE2869C05B00740290 /* WeatherDemoApp */,
				F4C9FACD2869C05B00740290 /* Products */,
			);
			sourceTree = "<group>";
		};
		F4C9FACD2869C05B00740290 /* Products */ = {
			isa = PBXGroup;
			children = (
				F4C9FACC2869C05B00740290 /* WeatherDemoApp.app */,
			);
			name = Products;
			sourceTree = "<group>";
		};
		F4C9FACE2869C05B00740290 /* WeatherDemoApp */ = {
			isa = PBXGroup;
			children = (
				F4C9FACF2869C05B00740290 /* WeatherDemoAppApp.swift */,
				F4C9FAE02869C3D200740290 /* Views */,
				F4C9FADD2869C22200740290 /* Managers */,
				F4C9FAF02869F26D00740290 /* Components */,
				F4C9FAED2869DF9200740290 /* Extensions.swift */,
				F4C9FAD32869C05C00740290 /* Assets.xcassets */,
				F4C9FAD52869C05C00740290 /* Preview Content */,
			);
			path = WeatherDemoApp;
			sourceTree = "<group>";
		};
		F4C9FAD52869C05C00740290 /* Preview Content */ = {
			isa = PBXGroup;
			children = (
				F4C9FAD62869C05C00740290 /* Preview Assets.xcassets */,
				F4C9FAE92869DC0400740290 /* ModelData.swift */,
				F4C9FAEB2869DC5200740290 /* weatherData.json */,
			);
			path = "Preview Content";
			sourceTree = "<group>";
		};
		F4C9FADD2869C22200740290 /* Managers */ = {
			isa = PBXGroup;
			children = (
				F4C9FADE2869C24800740290 /* LocationManager.swift */,
				F4C9FAE52869CD4100740290 /* WeatherManager.swift */,
			);
			path = Managers;
			sourceTree = "<group>";
		};
		F4C9FAE02869C3D200740290 /* Views */ = {
			isa = PBXGroup;
			children = (
				F4C9FAD12869C05B00740290 /* ContentView.swift */,
				F4C9FAE12869C48C00740290 /* WelcomView.swift */,
				F4C9FAE32869CA3200740290 /* LoadinView.swift */,
				F4C9FAE72869DBA900740290 /* WeatherView.swift */,
			);
			path = Views;
			sourceTree = "<group>";
		};
		F4C9FAF02869F26D00740290 /* Components */ = {
			isa = PBXGroup;
			children = (
				F44A14302869F4E90013FBEC /* WeatherRow.swift */,
			);
			path = Components;
			sourceTree = "<group>";
		};
/* End PBXGroup section */

/* Begin PBXNativeTarget section */
		F4C9FACB2869C05B00740290 /* WeatherDemoApp */ = {
			isa = PBXNativeTarget;
			buildConfigurationList = F4C9FADA2869C05C00740290 /* Build configuration list for PBXNativeTarget "WeatherDemoApp" */;
			buildPhases = (
				F4C9FAC82869C05B00740290 /* Sources */,
				F4C9FAC92869C05B00740290 /* Frameworks */,
				F4C9FACA2869C05B00740290 /* Resources */,
			);
			buildRules = (
			);
			dependencies = (
			);
			name = WeatherDemoApp;
			packageProductDependencies = (
				F405B5A0286C439400C713BC /* SDWebImageSwiftUI */,
			);
			productName = WeatherDemoApp;
			productReference = F4C9FACC2869C05B00740290 /* WeatherDemoApp.app */;
			productType = "com.apple.product-type.application";
		};
/* End PBXNativeTarget section */

/* Begin PBXProject section */
		F4C9FAC42869C05B00740290 /* Project object */ = {
			isa = PBXProject;
			attributes = {
				BuildIndependentTargetsInParallel = 1;
				LastSwiftUpdateCheck = 1340;
				LastUpgradeCheck = 1340;
				TargetAttributes = {
					F4C9FACB2869C05B00740290 = {
						CreatedOnToolsVersion = 13.4.1;
					};
				};
			};
			buildConfigurationList = F4C9FAC72869C05B00740290 /* Build configuration list for PBXProject "WeatherDemoApp" */;
			compatibilityVersion = "Xcode 13.0";
			developmentRegion = en;
			hasScannedForEncodings = 0;
			knownRegions = (
				en,
				Base,
			);
			mainGroup = F4C9FAC32869C05B00740290;
			packageReferences = (
				F405B59F286C439400C713BC /* XCRemoteSwiftPackageReference "SDWebImageSwiftUI" */,
			);
			productRefGroup = F4C9FACD2869C05B00740290 /* Products */;
			projectDirPath = "";
			projectRoot = "";
			targets = (
				F4C9FACB2869C05B00740290 /* WeatherDemoApp */,
			);
		};
/* End PBXProject section */

/* Begin PBXResourcesBuildPhase section */
		F4C9FACA2869C05B00740290 /* Resources */ = {
			isa = PBXResourcesBuildPhase;
			buildActionMask = 2147483647;
			files = (
				F4C9FAD72869C05C00740290 /* Preview Assets.xcassets in Resources */,
				F4C9FAEC2869DC5300740290 /* weatherData.json in Resources */,
				F4C9FAD42869C05C00740290 /* Assets.xcassets in Resources */,
			);
			runOnlyForDeploymentPostprocessing = 0;
		};
/* End PBXResourcesBuildPhase section */

/* Begin PBXSourcesBuildPhase section */
		F4C9FAC82869C05B00740290 /* Sources */ = {
			isa = PBXSourcesBuildPhase;
			buildActionMask = 2147483647;
			files = (
				F4C9FAE62869CD4100740290 /* WeatherManager.swift in Sources */,
				F4C9FAEE2869DF9200740290 /* Extensions.swift in Sources */,
				F4C9FAD22869C05B00740290 /* ContentView.swift in Sources */,
				F4C9FAE22869C48C00740290 /* WelcomView.swift in Sources */,
				F4C9FAD02869C05B00740290 /* WeatherDemoAppApp.swift in Sources */,
				F44A14312869F4E90013FBEC /* WeatherRow.swift in Sources */,
				F4C9FAE42869CA3200740290 /* LoadinView.swift in Sources */,
				F4C9FAEA2869DC0400740290 /* ModelData.swift in Sources */,
				F4C9FAE82869DBA900740290 /* WeatherView.swift in Sources */,
				F4C9FADF2869C24800740290 /* LocationManager.swift in Sources */,
			);
			runOnlyForDeploymentPostprocessing = 0;
		};
/* End PBXSourcesBuildPhase section */

/* Begin XCBuildConfiguration section */
		F4C9FAD82869C05C00740290 /* Debug */ = {
			isa = XCBuildConfiguration;
			buildSettings = {
				ALWAYS_SEARCH_USER_PATHS = NO;
				CLANG_ANALYZER_NONNULL = YES;
				CLANG_ANALYZER_NUMBER_OBJECT_CONVERSION = YES_AGGRESSIVE;
				CLANG_CXX_LANGUAGE_STANDARD = "gnu++17";
				CLANG_ENABLE_MODULES = YES;
				CLANG_ENABLE_OBJC_ARC = YES;
				CLANG_ENABLE_OBJC_WEAK = YES;
				CLANG_WARN_BLOCK_CAPTURE_AUTORELEASING = YES;
				CLANG_WARN_BOOL_CONVERSION = YES;
				CLANG_WARN_COMMA = YES;
				CLANG_WARN_CONSTANT_CONVERSION = YES;
				CLANG_WARN_DEPRECATED_OBJC_IMPLEMENTATIONS = YES;
				CLANG_WARN_DIRECT_OBJC_ISA_USAGE = YES_ERROR;
				CLANG_WARN_DOCUMENTATION_COMMENTS = YES;
				CLANG_WARN_EMPTY_BODY = YES;
				CLANG_WARN_ENUM_CONVERSION = YES;
				CLANG_WARN_INFINITE_RECURSION = YES;
				CLANG_WARN_INT_CONVERSION = YES;
				CLANG_WARN_NON_LITERAL_NULL_CONVERSION = YES;
				CLANG_WARN_OBJC_IMPLICIT_RETAIN_SELF = YES;
				CLANG_WARN_OBJC_LITERAL_CONVERSION = YES;
				CLANG_WARN_OBJC_ROOT_CLASS = YES_ERROR;
				CLANG_WARN_QUOTED_INCLUDE_IN_FRAMEWORK_HEADER = YES;
				CLANG_WARN_RANGE_LOOP_ANALYSIS = YES;
				CLANG_WARN_STRICT_PROTOTYPES = YES;
				CLANG_WARN_SUSPICIOUS_MOVE = YES;
				CLANG_WARN_UNGUARDED_AVAILABILITY = YES_AGGRESSIVE;
				CLANG_WARN_UNREACHABLE_CODE = YES;
				CLANG_WARN__DUPLICATE_METHOD_MATCH = YES;
				COPY_PHASE_STRIP = NO;
				DEBUG_INFORMATION_FORMAT = dwarf;
				ENABLE_STRICT_OBJC_MSGSEND = YES;
				ENABLE_TESTABILITY = YES;
				GCC_C_LANGUAGE_STANDARD = gnu11;
				GCC_DYNAMIC_NO_PIC = NO;
				GCC_NO_COMMON_BLOCKS = YES;
				GCC_OPTIMIZATION_LEVEL = 0;
				GCC_PREPROCESSOR_DEFINITIONS = (
					"DEBUG=1",
					"$(inherited)",
				);
				GCC_WARN_64_TO_32_BIT_CONVERSION = YES;
				GCC_WARN_ABOUT_RETURN_TYPE = YES_ERROR;
				GCC_WARN_UNDECLARED_SELECTOR = YES;
				GCC_WARN_UNINITIALIZED_AUTOS = YES_AGGRESSIVE;
				GCC_WARN_UNUSED_FUNCTION = YES;
				GCC_WARN_UNUSED_VARIABLE = YES;
				IPHONEOS_DEPLOYMENT_TARGET = 15.5;
				MTL_ENABLE_DEBUG_INFO = INCLUDE_SOURCE;
				MTL_FAST_MATH = YES;
				ONLY_ACTIVE_ARCH = YES;
				SDKROOT = iphoneos;
				SWIFT_ACTIVE_COMPILATION_CONDITIONS = DEBUG;
				SWIFT_OPTIMIZATION_LEVEL = "-Onone";
			};
			name = Debug;
		};
		F4C9FAD92869C05C00740290 /* Release */ = {
			isa = XCBuildConfiguration;
			buildSettings = {
				ALWAYS_SEARCH_USER_PATHS = NO;
				CLANG_ANALYZER_NONNULL = YES;
				CLANG_ANALYZER_NUMBER_OBJECT_CONVERSION = YES_AGGRESSIVE;
				CLANG_CXX_LANGUAGE_STANDARD = "gnu++17";
				CLANG_ENABLE_MODULES = YES;
				CLANG_ENABLE_OBJC_ARC = YES;
				CLANG_ENABLE_OBJC_WEAK = YES;
				CLANG_WARN_BLOCK_CAPTURE_AUTORELEASING = YES;
				CLANG_WARN_BOOL_CONVERSION = YES;
				CLANG_WARN_COMMA = YES;
				CLANG_WARN_CONSTANT_CONVERSION = YES;
				CLANG_WARN_DEPRECATED_OBJC_IMPLEMENTATIONS = YES;
				CLANG_WARN_DIRECT_OBJC_ISA_USAGE = YES_ERROR;
				CLANG_WARN_DOCUMENTATION_COMMENTS = YES;
				CLANG_WARN_EMPTY_BODY = YES;
				CLANG_WARN_ENUM_CONVERSION = YES;
				CLANG_WARN_INFINITE_RECURSION = YES;
				CLANG_WARN_INT_CONVERSION = YES;
				CLANG_WARN_NON_LITERAL_NULL_CONVERSION = YES;
				CLANG_WARN_OBJC_IMPLICIT_RETAIN_SELF = YES;
				CLANG_WARN_OBJC_LITERAL_CONVERSION = YES;
				CLANG_WARN_OBJC_ROOT_CLASS = YES_ERROR;
				CLANG_WARN_QUOTED_INCLUDE_IN_FRAMEWORK_HEADER = YES;
				CLANG_WARN_RANGE_LOOP_ANALYSIS = YES;
				CLANG_WARN_STRICT_PROTOTYPES = YES;
				CLANG_WARN_SUSPICIOUS_MOVE = YES;
				CLANG_WARN_UNGUARDED_AVAILABILITY = YES_AGGRESSIVE;
				CLANG_WARN_UNREACHABLE_CODE = YES;
				CLANG_WARN__DUPLICATE_METHOD_MATCH = YES;
				COPY_PHASE_STRIP = NO;
				DEBUG_INFORMATION_FORMAT = "dwarf-with-dsym";
				ENABLE_NS_ASSERTIONS = NO;
				ENABLE_STRICT_OBJC_MSGSEND = YES;
				GCC_C_LANGUAGE_STANDARD = gnu11;
				GCC_NO_COMMON_BLOCKS = YES;
				GCC_WARN_64_TO_32_BIT_CONVERSION = YES;
				GCC_WARN_ABOUT_RETURN_TYPE = YES_ERROR;
				GCC_WARN_UNDECLARED_SELECTOR = YES;
				GCC_WARN_UNINITIALIZED_AUTOS = YES_AGGRESSIVE;
				GCC_WARN_UNUSED_FUNCTION = YES;
				GCC_WARN_UNUSED_VARIABLE = YES;
				IPHONEOS_DEPLOYMENT_TARGET = 15.5;
				MTL_ENABLE_DEBUG_INFO = NO;
				MTL_FAST_MATH = YES;
				SDKROOT = iphoneos;
				SWIFT_COMPILATION_MODE = wholemodule;
				SWIFT_OPTIMIZATION_LEVEL = "-O";
				VALIDATE_PRODUCT = YES;
			};
			name = Release;
		};
		F4C9FADB2869C05C00740290 /* Debug */ = {
			isa = XCBuildConfiguration;
			buildSettings = {
				ASSETCATALOG_COMPILER_APPICON_NAME = AppIcon;
				ASSETCATALOG_COMPILER_GLOBAL_ACCENT_COLOR_NAME = AccentColor;
				CODE_SIGN_STYLE = Automatic;
				CURRENT_PROJECT_VERSION = 1;
				DEVELOPMENT_ASSET_PATHS = "\"WeatherDemoApp/Preview Content\"";
				ENABLE_PREVIEWS = YES;
				GENERATE_INFOPLIST_FILE = YES;
				INFOPLIST_KEY_NSLocationWhenInUseUsageDescription = "Приложение просит доступ к местоположению";
				INFOPLIST_KEY_UIApplicationSceneManifest_Generation = YES;
				INFOPLIST_KEY_UIApplicationSupportsIndirectInputEvents = YES;
				INFOPLIST_KEY_UILaunchScreen_Generation = YES;
				INFOPLIST_KEY_UISupportedInterfaceOrientations_iPad = "UIInterfaceOrientationPortrait UIInterfaceOrientationPortraitUpsideDown UIInterfaceOrientationLandscapeLeft UIInterfaceOrientationLandscapeRight";
				INFOPLIST_KEY_UISupportedInterfaceOrientations_iPhone = "UIInterfaceOrientationPortrait UIInterfaceOrientationLandscapeLeft UIInterfaceOrientationLandscapeRight";
				LD_RUNPATH_SEARCH_PATHS = (
					"$(inherited)",
					"@executable_path/Frameworks",
				);
				MARKETING_VERSION = 1.0;
				PRODUCT_BUNDLE_IDENTIFIER = QW.WeatherDemoApp;
				PRODUCT_NAME = "$(TARGET_NAME)";
				SWIFT_EMIT_LOC_STRINGS = YES;
				SWIFT_VERSION = 5.0;
				TARGETED_DEVICE_FAMILY = "1,2";
			};
			name = Debug;
		};
		F4C9FADC2869C05C00740290 /* Release */ = {
			isa = XCBuildConfiguration;
			buildSettings = {
				ASSETCATALOG_COMPILER_APPICON_NAME = AppIcon;
				ASSETCATALOG_COMPILER_GLOBAL_ACCENT_COLOR_NAME = AccentColor;
				CODE_SIGN_STYLE = Automatic;
				CURRENT_PROJECT_VERSION = 1;
				DEVELOPMENT_ASSET_PATHS = "\"WeatherDemoApp/Preview Content\"";
				ENABLE_PREVIEWS = YES;
				GENERATE_INFOPLIST_FILE = YES;
				INFOPLIST_KEY_NSLocationWhenInUseUsageDescription = "Приложение просит доступ к местоположению";
				INFOPLIST_KEY_UIApplicationSceneManifest_Generation = YES;
				INFOPLIST_KEY_UIApplicationSupportsIndirectInputEvents = YES;
				INFOPLIST_KEY_UILaunchScreen_Generation = YES;
				INFOPLIST_KEY_UISupportedInterfaceOrientations_iPad = "UIInterfaceOrientationPortrait UIInterfaceOrientationPortraitUpsideDown UIInterfaceOrientationLandscapeLeft UIInterfaceOrientationLandscapeRight";
				INFOPLIST_KEY_UISupportedInterfaceOrientations_iPhone = "UIInterfaceOrientationPortrait UIInterfaceOrientationLandscapeLeft UIInterfaceOrientationLandscapeRight";
				LD_RUNPATH_SEARCH_PATHS = (
					"$(inherited)",
					"@executable_path/Frameworks",
				);
				MARKETING_VERSION = 1.0;
				PRODUCT_BUNDLE_IDENTIFIER = QW.WeatherDemoApp;
				PRODUCT_NAME = "$(TARGET_NAME)";
				SWIFT_EMIT_LOC_STRINGS = YES;
				SWIFT_VERSION = 5.0;
				TARGETED_DEVICE_FAMILY = "1,2";
			};
			name = Release;
		};
/* End XCBuildConfiguration section */

/* Begin XCConfigurationList section */
		F4C9FAC72869C05B00740290 /* Build configuration list for PBXProject "WeatherDemoApp" */ = {
			isa = XCConfigurationList;
			buildConfigurations = (
				F4C9FAD82869C05C00740290 /* Debug */,
				F4C9FAD92869C05C00740290 /* Release */,
			);
			defaultConfigurationIsVisible = 0;
			defaultConfigurationName = Release;
		};
		F4C9FADA2869C05C00740290 /* Build configuration list for PBXNativeTarget "WeatherDemoApp" */ = {
			isa = XCConfigurationList;
			buildConfigurations = (
				F4C9FADB2869C05C00740290 /* Debug */,
				F4C9FADC2869C05C00740290 /* Release */,
			);
			defaultConfigurationIsVisible = 0;
			defaultConfigurationName = Release;
		};
/* End XCConfigurationList section */

/* Begin XCRemoteSwiftPackageReference section */
		F405B59F286C439400C713BC /* XCRemoteSwiftPackageReference "SDWebImageSwiftUI" */ = {
			isa = XCRemoteSwiftPackageReference;
			repositoryURL = "https://github.com/SDWebImage/SDWebImageSwiftUI";
			requirement = {
				kind = upToNextMajorVersion;
				minimumVersion = 2.0.0;
			};
		};
/* End XCRemoteSwiftPackageReference section */

/* Begin XCSwiftPackageProductDependency section */
		F405B5A0286C439400C713BC /* SDWebImageSwiftUI */ = {
			isa = XCSwiftPackageProductDependency;
			package = F405B59F286C439400C713BC /* XCRemoteSwiftPackageReference "SDWebImageSwiftUI" */;
			productName = SDWebImageSwiftUI;
		};
/* End XCSwiftPackageProductDependency section */
	};
	rootObject = F4C9FAC42869C05B00740290 /* Project object */;
}
